
Microsoft Visual Studio Solution File, Format Version 12.00
# Visual Studio Version 17
VisualStudioVersion = 17.11.35208.52
MinimumVisualStudioVersion = 10.0.40219.1
Project("{FAE04EC0-301F-11D3-BF4B-00C04F79EFBC}") = "CPBLDemo", "CPBLDemo\CPBLDemo.csproj", "{53C34451-C5FF-42A9-B067-2AB67C255016}"
EndProject
Global
	GlobalSection(SolutionConfigurationPlatforms) = preSolution
		Debug|Any CPU = Debug|Any CPU
		Release|Any CPU = Release|Any CPU
	EndGlobalSection
	GlobalSection(ProjectConfigurationPlatforms) = postSolution
		{53C34451-C5FF-42A9-B067-2AB67C255016}.Debug|Any CPU.ActiveCfg = Debug|Any CPU
		{53C34451-C5FF-42A9-B067-2AB67C255016}.Debug|Any CPU.Build.0 = Debug|Any CPU
		{53C34451-C5FF-42A9-B067-2AB67C255016}.Release|Any CPU.ActiveCfg = Release|Any CPU
		{53C34451-C5FF-42A9-B067-2AB67C255016}.Release|Any CPU.Build.0 = Release|Any CPU
	EndGlobalSection
	GlobalSection(SolutionProperties) = preSolution
		HideSolutionNode = FALSE
	EndGlobalSection
	GlobalSection(ExtensibilityGlobals) = postSolution
		SolutionGuid = {887E5E28-C402-4544-8CDF-DFFA42B868CE}
	EndGlobalSection
EndGlobal
